
Microsoft Visual Studio Solution File, Format Version 12.00
# Visual Studio Version 18
VisualStudioVersion = 18.5.11716.220 stable
MinimumVisualStudioVersion = 10.0.40219.1
Project("{FAE04EC0-301F-11D3-BF4B-00C04F79EFBC}") = "WeighBridge", "WeighBridge.csproj", "{5785EC32-0CF2-EC72-6315-D0798A868E29}"
EndProject
Global
	GlobalSection(SolutionConfigurationPlatforms) = preSolution
		Debug|Any CPU = Debug|Any CPU
		Release|Any CPU = Release|Any CPU
	EndGlobalSection
	GlobalSection(ProjectConfigurationPlatforms) = postSolution
		{5785EC32-0CF2-EC72-6315-D0798A868E29}.Debug|Any CPU.ActiveCfg = Debug|Any CPU
		{5785EC32-0CF2-EC72-6315-D0798A868E29}.Debug|Any CPU.Build.0 = Debug|Any CPU
		{5785EC32-0CF2-EC72-6315-D0798A868E29}.Release|Any CPU.ActiveCfg = Release|Any CPU
		{5785EC32-0CF2-EC72-6315-D0798A868E29}.Release|Any CPU.Build.0 = Release|Any CPU
	EndGlobalSection
	GlobalSection(SolutionProperties) = preSolution
		HideSolutionNode = FALSE
	EndGlobalSection
	GlobalSection(ExtensibilityGlobals) = postSolution
		SolutionGuid = {DFE2FA00-832C-4F45-8367-5A52B717183C}
	EndGlobalSection
EndGlobal
